
Microsoft Visual Studio Solution File, Format Version 10.00
# Visual Studio 2008
Project("{FAE04EC0-301F-11D3-BF4B-00C04F79EFBC}") = "task_5_1", "task_5_1\task_5_1.csproj", "{AACAEFEB-9815-4ACC-BCDD-22E1B511BD67}"
EndProject
Global
	GlobalSection(SolutionConfigurationPlatforms) = preSolution
		Debug|x86 = Debug|x86
		Release|x86 = Release|x86
	EndGlobalSection
	GlobalSection(ProjectConfigurationPlatforms) = postSolution
		{AACAEFEB-9815-4ACC-BCDD-22E1B511BD67}.Debug|x86.ActiveCfg = Debug|x86
		{AACAEFEB-9815-4ACC-BCDD-22E1B511BD67}.Debug|x86.Build.0 = Debug|x86
		{AACAEFEB-9815-4ACC-BCDD-22E1B511BD67}.Release|x86.ActiveCfg = Release|x86
		{AACAEFEB-9815-4ACC-BCDD-22E1B511BD67}.Release|x86.Build.0 = Release|x86
	EndGlobalSection
	GlobalSection(MonoDevelopProperties) = preSolution
		StartupItem = task_5_1\task_5_1.csproj
	EndGlobalSection
EndGlobal
