
Microsoft Visual Studio Solution File, Format Version 12.00
# Visual Studio 2012
Project("{FAE04EC0-301F-11D3-BF4B-00C04F79EFBC}") = "26_2", "26_2\26_2.csproj", "{BDE25840-33D7-4C3B-83FE-0851C86E332E}"
EndProject
Global
	GlobalSection(SolutionConfigurationPlatforms) = preSolution
		Debug|Any CPU = Debug|Any CPU
		Release|Any CPU = Release|Any CPU
	EndGlobalSection
	GlobalSection(ProjectConfigurationPlatforms) = postSolution
		{BDE25840-33D7-4C3B-83FE-0851C86E332E}.Debug|Any CPU.ActiveCfg = Debug|Any CPU
		{BDE25840-33D7-4C3B-83FE-0851C86E332E}.Debug|Any CPU.Build.0 = Debug|Any CPU
		{BDE25840-33D7-4C3B-83FE-0851C86E332E}.Release|Any CPU.ActiveCfg = Release|Any CPU
		{BDE25840-33D7-4C3B-83FE-0851C86E332E}.Release|Any CPU.Build.0 = Release|Any CPU
	EndGlobalSection
	GlobalSection(SolutionProperties) = preSolution
		HideSolutionNode = FALSE
	EndGlobalSection
EndGlobal
