
Microsoft Visual Studio Solution File, Format Version 10.00
# Visual Studio 2008
Project("{2857B73E-F847-4B02-9238-064979017E93}") = "task_16_2", "task_16_2\task_16_2.cproj", "{99DABF95-5E44-4D34-BCEB-448CA520DE01}"
EndProject
Global
	GlobalSection(SolutionConfigurationPlatforms) = preSolution
		Debug|Any CPU = Debug|Any CPU
		Release|Any CPU = Release|Any CPU
	EndGlobalSection
	GlobalSection(ProjectConfigurationPlatforms) = postSolution
		{99DABF95-5E44-4D34-BCEB-448CA520DE01}.Debug|Any CPU.ActiveCfg = Debug|Any CPU
		{99DABF95-5E44-4D34-BCEB-448CA520DE01}.Debug|Any CPU.Build.0 = Debug|Any CPU
		{99DABF95-5E44-4D34-BCEB-448CA520DE01}.Release|Any CPU.ActiveCfg = Release|Any CPU
		{99DABF95-5E44-4D34-BCEB-448CA520DE01}.Release|Any CPU.Build.0 = Release|Any CPU
	EndGlobalSection
	GlobalSection(MonoDevelopProperties) = preSolution
		StartupItem = task_16_2\task_16_2.cproj
	EndGlobalSection
EndGlobal
